
Microsoft Visual Studio Solution File, Format Version 11.00
# Visual Studio 2010
Project("{FAE04EC0-301F-11D3-BF4B-00C04F79EFBC}") = "Assembly-CSharp", "Assembly-CSharp.csproj", "{2FFB97F3-A55F-5352-F52C-23CD8D12C9C8}"
EndProject
Project("{FAE04EC0-301F-11D3-BF4B-00C04F79EFBC}") = "NativeCamera.Runtime", "NativeCamera.Runtime.csproj", "{06C50D7B-311C-78EA-B187-5334A4E9194D}"
EndProject
Project("{FAE04EC0-301F-11D3-BF4B-00C04F79EFBC}") = "NativeCamera.Editor", "NativeCamera.Editor.csproj", "{FAC82DE6-90FB-16A7-1AA9-2DB2B0AD2BC6}"
EndProject
Global
	GlobalSection(SolutionConfigurationPlatforms) = preSolution
		Debug|Any CPU = Debug|Any CPU
		Release|Any CPU = Release|Any CPU
	EndGlobalSection
	GlobalSection(ProjectConfigurationPlatforms) = postSolution
		{2FFB97F3-A55F-5352-F52C-23CD8D12C9C8}.Debug|Any CPU.ActiveCfg = Debug|Any CPU
		{2FFB97F3-A55F-5352-F52C-23CD8D12C9C8}.Debug|Any CPU.Build.0 = Debug|Any CPU
		{2FFB97F3-A55F-5352-F52C-23CD8D12C9C8}.Release|Any CPU.ActiveCfg = Release|Any CPU
		{2FFB97F3-A55F-5352-F52C-23CD8D12C9C8}.Release|Any CPU.Build.0 = Release|Any CPU
		{06C50D7B-311C-78EA-B187-5334A4E9194D}.Debug|Any CPU.ActiveCfg = Debug|Any CPU
		{06C50D7B-311C-78EA-B187-5334A4E9194D}.Debug|Any CPU.Build.0 = Debug|Any CPU
		{06C50D7B-311C-78EA-B187-5334A4E9194D}.Release|Any CPU.ActiveCfg = Release|Any CPU
		{06C50D7B-311C-78EA-B187-5334A4E9194D}.Release|Any CPU.Build.0 = Release|Any CPU
		{FAC82DE6-90FB-16A7-1AA9-2DB2B0AD2BC6}.Debug|Any CPU.ActiveCfg = Debug|Any CPU
		{FAC82DE6-90FB-16A7-1AA9-2DB2B0AD2BC6}.Debug|Any CPU.Build.0 = Debug|Any CPU
		{FAC82DE6-90FB-16A7-1AA9-2DB2B0AD2BC6}.Release|Any CPU.ActiveCfg = Release|Any CPU
		{FAC82DE6-90FB-16A7-1AA9-2DB2B0AD2BC6}.Release|Any CPU.Build.0 = Release|Any CPU
	EndGlobalSection
	GlobalSection(SolutionProperties) = preSolution
		HideSolutionNode = FALSE
	EndGlobalSection
EndGlobal
